
Microsoft Visual Studio Solution File, Format Version 12.00
# Visual Studio 15
VisualStudioVersion = 15.0.28010.2050
MinimumVisualStudioVersion = 10.0.40219.1
Project("{9A19103F-16F7-4668-BE54-9A1E7A4F7556}") = "FunctionApp", "FunctionApp\FunctionApp.csproj", "{78F2F696-64E0-4E2D-BDAB-C2E5C420C529}"
EndProject
Global
	GlobalSection(SolutionConfigurationPlatforms) = preSolution
		Debug|Any CPU = Debug|Any CPU
		Release|Any CPU = Release|Any CPU
	EndGlobalSection
	GlobalSection(ProjectConfigurationPlatforms) = postSolution
		{78F2F696-64E0-4E2D-BDAB-C2E5C420C529}.Debug|Any CPU.ActiveCfg = Debug|Any CPU
		{78F2F696-64E0-4E2D-BDAB-C2E5C420C529}.Debug|Any CPU.Build.0 = Debug|Any CPU
		{78F2F696-64E0-4E2D-BDAB-C2E5C420C529}.Release|Any CPU.ActiveCfg = Release|Any CPU
		{78F2F696-64E0-4E2D-BDAB-C2E5C420C529}.Release|Any CPU.Build.0 = Release|Any CPU
	EndGlobalSection
	GlobalSection(SolutionProperties) = preSolution
		HideSolutionNode = FALSE
	EndGlobalSection
	GlobalSection(ExtensibilityGlobals) = postSolution
		SolutionGuid = {280D464A-6315-4E32-86D7-7F24D851AD74}
	EndGlobalSection
EndGlobal
